
Microsoft Visual Studio Solution File, Format Version 12.00
# Visual Studio Version 16
VisualStudioVersion = 16.0.30717.126
MinimumVisualStudioVersion = 10.0.40219.1
Project("{2150E333-8FDC-42A3-9474-1A3956D46DE8}") = "src", "src", "{805378E6-757B-4C68-9EDE-65FBB0CEBECB}"
EndProject
Project("{2150E333-8FDC-42A3-9474-1A3956D46DE8}") = "samples", "samples", "{51468033-A31E-4CE9-8C1A-0710C57C6954}"
EndProject
Project("{9A19103F-16F7-4668-BE54-9A1E7A4F7556}") = "MQTTnet.EventBus", "src\MQTTnet.EventBus\MQTTnet.EventBus.csproj", "{41A36BF7-A37C-4CB7-8FBC-E65A4C770B7F}"
EndProject
Global
	GlobalSection(SolutionConfigurationPlatforms) = preSolution
		Debug|Any CPU = Debug|Any CPU
		Release|Any CPU = Release|Any CPU
	EndGlobalSection
	GlobalSection(ProjectConfigurationPlatforms) = postSolution
		{41A36BF7-A37C-4CB7-8FBC-E65A4C770B7F}.Debug|Any CPU.ActiveCfg = Debug|Any CPU
		{41A36BF7-A37C-4CB7-8FBC-E65A4C770B7F}.Debug|Any CPU.Build.0 = Debug|Any CPU
		{41A36BF7-A37C-4CB7-8FBC-E65A4C770B7F}.Release|Any CPU.ActiveCfg = Release|Any CPU
		{41A36BF7-A37C-4CB7-8FBC-E65A4C770B7F}.Release|Any CPU.Build.0 = Release|Any CPU
	EndGlobalSection
	GlobalSection(SolutionProperties) = preSolution
		HideSolutionNode = FALSE
	EndGlobalSection
	GlobalSection(NestedProjects) = preSolution
		{41A36BF7-A37C-4CB7-8FBC-E65A4C770B7F} = {805378E6-757B-4C68-9EDE-65FBB0CEBECB}
	EndGlobalSection
	GlobalSection(ExtensibilityGlobals) = postSolution
		SolutionGuid = {57EA32AA-7D49-45F1-9E15-93EC6C026DCB}
	EndGlobalSection
EndGlobal
