
Microsoft Visual Studio Solution File, Format Version 12.00
# Visual Studio 15
VisualStudioVersion = 15.0.28307.421
MinimumVisualStudioVersion = 10.0.40219.1
Project("{9A19103F-16F7-4668-BE54-9A1E7A4F7556}") = "MQTTnet.EventBus", "MQTTnet.EventBus\MQTTnet.EventBus.csproj", "{A15343A8-28BA-4183-9298-EECDBF4F62EA}"
EndProject
Project("{2150E333-8FDC-42A3-9474-1A3956D46DE8}") = "Demos", "Demos", "{F52DDA8C-ED4F-452A-94D4-20996A59F6EE}"
EndProject
Project("{FAE04EC0-301F-11D3-BF4B-00C04F79EFBC}") = "MQTTnet.EventBus.Publisher_ConsoleApp", "MQTTnet.EventBus.Publisher_ConsoleApp\MQTTnet.EventBus.Publisher_ConsoleApp.csproj", "{15015D5B-7873-4A27-9748-CD6BB5F59F53}"
EndProject
Project("{FAE04EC0-301F-11D3-BF4B-00C04F79EFBC}") = "MQTTnet.EventBus.Listener_ConsoleApp", "MQTTnet.EventBus.Listener_ConsoleApp\MQTTnet.EventBus.Listener_ConsoleApp.csproj", "{9D4D3550-7A1E-4823-B42E-7D67222A2CC9}"
EndProject
Project("{FAE04EC0-301F-11D3-BF4B-00C04F79EFBC}") = "MQTTnet.EventBus.AspNetCoreApi_Integration", "MQTTnet.EventBus.AspNetCoreApi_Integration\MQTTnet.EventBus.AspNetCoreApi_Integration.csproj", "{267E62B0-1547-4879-848F-BF657C5B3FD8}"
EndProject
Global
	GlobalSection(SolutionConfigurationPlatforms) = preSolution
		Debug|Any CPU = Debug|Any CPU
		Release|Any CPU = Release|Any CPU
	EndGlobalSection
	GlobalSection(ProjectConfigurationPlatforms) = postSolution
		{A15343A8-28BA-4183-9298-EECDBF4F62EA}.Debug|Any CPU.ActiveCfg = Debug|Any CPU
		{A15343A8-28BA-4183-9298-EECDBF4F62EA}.Debug|Any CPU.Build.0 = Debug|Any CPU
		{A15343A8-28BA-4183-9298-EECDBF4F62EA}.Release|Any CPU.ActiveCfg = Release|Any CPU
		{A15343A8-28BA-4183-9298-EECDBF4F62EA}.Release|Any CPU.Build.0 = Release|Any CPU
		{15015D5B-7873-4A27-9748-CD6BB5F59F53}.Debug|Any CPU.ActiveCfg = Debug|Any CPU
		{15015D5B-7873-4A27-9748-CD6BB5F59F53}.Debug|Any CPU.Build.0 = Debug|Any CPU
		{15015D5B-7873-4A27-9748-CD6BB5F59F53}.Release|Any CPU.ActiveCfg = Release|Any CPU
		{15015D5B-7873-4A27-9748-CD6BB5F59F53}.Release|Any CPU.Build.0 = Release|Any CPU
		{9D4D3550-7A1E-4823-B42E-7D67222A2CC9}.Debug|Any CPU.ActiveCfg = Debug|Any CPU
		{9D4D3550-7A1E-4823-B42E-7D67222A2CC9}.Debug|Any CPU.Build.0 = Debug|Any CPU
		{9D4D3550-7A1E-4823-B42E-7D67222A2CC9}.Release|Any CPU.ActiveCfg = Release|Any CPU
		{9D4D3550-7A1E-4823-B42E-7D67222A2CC9}.Release|Any CPU.Build.0 = Release|Any CPU
		{267E62B0-1547-4879-848F-BF657C5B3FD8}.Debug|Any CPU.ActiveCfg = Debug|Any CPU
		{267E62B0-1547-4879-848F-BF657C5B3FD8}.Debug|Any CPU.Build.0 = Debug|Any CPU
		{267E62B0-1547-4879-848F-BF657C5B3FD8}.Release|Any CPU.ActiveCfg = Release|Any CPU
		{267E62B0-1547-4879-848F-BF657C5B3FD8}.Release|Any CPU.Build.0 = Release|Any CPU
	EndGlobalSection
	GlobalSection(SolutionProperties) = preSolution
		HideSolutionNode = FALSE
	EndGlobalSection
	GlobalSection(NestedProjects) = preSolution
		{15015D5B-7873-4A27-9748-CD6BB5F59F53} = {F52DDA8C-ED4F-452A-94D4-20996A59F6EE}
		{9D4D3550-7A1E-4823-B42E-7D67222A2CC9} = {F52DDA8C-ED4F-452A-94D4-20996A59F6EE}
		{267E62B0-1547-4879-848F-BF657C5B3FD8} = {F52DDA8C-ED4F-452A-94D4-20996A59F6EE}
	EndGlobalSection
	GlobalSection(ExtensibilityGlobals) = postSolution
		SolutionGuid = {57EA32AA-7D49-45F1-9E15-93EC6C026DCB}
	EndGlobalSection
EndGlobal
